// !$*UTF8*$!
{
	archiveVersion = 1;
	classes = {
	};
	objectVersion = 56;
	objects = {

/* Begin PBXBuildFile section */
		BA13D8492C4529FC00EAAB61 /* lightSVNApp.swift in Sources */ = {isa = PBXBuildFile; fileRef = BA13D8482C4529FC00EAAB61 /* lightSVNApp.swift */; };
		BA13D84B2C4529FC00EAAB61 /* ContentView.swift in Sources */ = {isa = PBXBuildFile; fileRef = BA13D84A2C4529FC00EAAB61 /* ContentView.swift */; };
		BA13D84D2C4529FD00EAAB61 /* Assets.xcassets in Resources */ = {isa = PBXBuildFile; fileRef = BA13D84C2C4529FD00EAAB61 /* Assets.xcassets */; };
		BA13D8502C4529FD00EAAB61 /* Preview Assets.xcassets in Resources */ = {isa = PBXBuildFile; fileRef = BA13D84F2C4529FD00EAAB61 /* Preview Assets.xcassets */; };
		BA13D8522C4529FD00EAAB61 /* Persistence.swift in Sources */ = {isa = PBXBuildFile; fileRef = BA13D8512C4529FD00EAAB61 /* Persistence.swift */; };
		BA13D8552C4529FD00EAAB61 /* lightSVN.xcdatamodeld in Sources */ = {isa = PBXBuildFile; fileRef = BA13D8532C4529FD00EAAB61 /* lightSVN.xcdatamodeld */; };
		BA13D8602C4529FE00EAAB61 /* lightSVNTests.swift in Sources */ = {isa = PBXBuildFile; fileRef = BA13D85F2C4529FE00EAAB61 /* lightSVNTests.swift */; };
		BA13D86A2C4529FE00EAAB61 /* lightSVNUITests.swift in Sources */ = {isa = PBXBuildFile; fileRef = BA13D8692C4529FE00EAAB61 /* lightSVNUITests.swift */; };
		BA13D86C2C4529FE00EAAB61 /* lightSVNUITestsLaunchTests.swift in Sources */ = {isa = PBXBuildFile; fileRef = BA13D86B2C4529FE00EAAB61 /* lightSVNUITestsLaunchTests.swift */; };
/* End PBXBuildFile section */

/* Begin PBXContainerItemProxy section */
		BA13D85C2C4529FE00EAAB61 /* PBXContainerItemProxy */ = {
			isa = PBXContainerItemProxy;
			containerPortal = BA13D83D2C4529FC00EAAB61 /* Project object */;
			proxyType = 1;
			remoteGlobalIDString = BA13D8442C4529FC00EAAB61;
			remoteInfo = lightSVN;
		};
		BA13D8662C4529FE00EAAB61 /* PBXContainerItemProxy */ = {
			isa = PBXContainerItemProxy;
			containerPortal = BA13D83D2C4529FC00EAAB61 /* Project object */;
			proxyType = 1;
			remoteGlobalIDString = BA13D8442C4529FC00EAAB61;
			remoteInfo = lightSVN;
		};
/* End PBXContainerItemProxy section */

/* Begin PBXFileReference section */
		BA13D8452C4529FC00EAAB61 /* lightSVN.app */ = {isa = PBXFileReference; explicitFileType = wrapper.application; includeInIndex = 0; path = lightSVN.app; sourceTree = BUILT_PRODUCTS_DIR; };
		BA13D8482C4529FC00EAAB61 /* lightSVNApp.swift */ = {isa = PBXFileReference; lastKnownFileType = sourcecode.swift; path = lightSVNApp.swift; sourceTree = "<group>"; };
		BA13D84A2C4529FC00EAAB61 /* ContentView.swift */ = {isa = PBXFileReference; lastKnownFileType = sourcecode.swift; path = ContentView.swift; sourceTree = "<group>"; };
		BA13D84C2C4529FD00EAAB61 /* Assets.xcassets */ = {isa = PBXFileReference; lastKnownFileType = folder.assetcatalog; path = Assets.xcassets; sourceTree = "<group>"; };
		BA13D84F2C4529FD00EAAB61 /* Preview Assets.xcassets */ = {isa = PBXFileReference; lastKnownFileType = folder.assetcatalog; path = "Preview Assets.xcassets"; sourceTree = "<group>"; };
		BA13D8512C4529FD00EAAB61 /* Persistence.swift */ = {isa = PBXFileReference; lastKnownFileType = sourcecode.swift; path = Persistence.swift; sourceTree = "<group>"; };
		BA13D8542C4529FD00EAAB61 /* lightSVN.xcdatamodel */ = {isa = PBXFileReference; lastKnownFileType = wrapper.xcdatamodel; path = lightSVN.xcdatamodel; sourceTree = "<group>"; };
		BA13D8562C4529FD00EAAB61 /* lightSVN.entitlements */ = {isa = PBXFileReference; lastKnownFileType = text.plist.entitlements; path = lightSVN.entitlements; sourceTree = "<group>"; };
		BA13D85B2C4529FE00EAAB61 /* lightSVNTests.xctest */ = {isa = PBXFileReference; explicitFileType = wrapper.cfbundle; includeInIndex = 0; path = lightSVNTests.xctest; sourceTree = BUILT_PRODUCTS_DIR; };
		BA13D85F2C4529FE00EAAB61 /* lightSVNTests.swift */ = {isa = PBXFileReference; lastKnownFileType = sourcecode.swift; path = lightSVNTests.swift; sourceTree = "<group>"; };
		BA13D8652C4529FE00EAAB61 /* lightSVNUITests.xctest */ = {isa = PBXFileReference; explicitFileType = wrapper.cfbundle; includeInIndex = 0; path = lightSVNUITests.xctest; sourceTree = BUILT_PRODUCTS_DIR; };
		BA13D8692C4529FE00EAAB61 /* lightSVNUITests.swift */ = {isa = PBXFileReference; lastKnownFileType = sourcecode.swift; path = lightSVNUITests.swift; sourceTree = "<group>"; };
		BA13D86B2C4529FE00EAAB61 /* lightSVNUITestsLaunchTests.swift */ = {isa = PBXFileReference; lastKnownFileType = sourcecode.swift; path = lightSVNUITestsLaunchTests.swift; sourceTree = "<group>"; };
/* End PBXFileReference section */

/* Begin PBXFrameworksBuildPhase section */
		BA13D8422C4529FC00EAAB61 /* Frameworks */ = {
			isa = PBXFrameworksBuildPhase;
			buildActionMask = 2147483647;
			files = (
			);
			runOnlyForDeploymentPostprocessing = 0;
		};
		BA13D8582C4529FE00EAAB61 /* Frameworks */ = {
			isa = PBXFrameworksBuildPhase;
			buildActionMask = 2147483647;
			files = (
			);
			runOnlyForDeploymentPostprocessing = 0;
		};
		BA13D8622C4529FE00EAAB61 /* Frameworks */ = {
			isa = PBXFrameworksBuildPhase;
			buildActionMask = 2147483647;
			files = (
			);
			runOnlyForDeploymentPostprocessing = 0;
		};
/* End PBXFrameworksBuildPhase section */

/* Begin PBXGroup section */
		BA13D83C2C4529FC00EAAB61 = {
			isa = PBXGroup;
			children = (
				BA13D8472C4529FC00EAAB61 /* lightSVN */,
				BA13D85E2C4529FE00EAAB61 /* lightSVNTests */,
				BA13D8682C4529FE00EAAB61 /* lightSVNUITests */,
				BA13D8462C4529FC00EAAB61 /* Products */,
			);
			sourceTree = "<group>";
		};
		BA13D8462C4529FC00EAAB61 /* Products */ = {
			isa = PBXGroup;
			children = (
				BA13D8452C4529FC00EAAB61 /* lightSVN.app */,
				BA13D85B2C4529FE00EAAB61 /* lightSVNTests.xctest */,
				BA13D8652C4529FE00EAAB61 /* lightSVNUITests.xctest */,
			);
			name = Products;
			sourceTree = "<group>";
		};
		BA13D8472C4529FC00EAAB61 /* lightSVN */ = {
			isa = PBXGroup;
			children = (
				BA13D8482C4529FC00EAAB61 /* lightSVNApp.swift */,
				BA13D84A2C4529FC00EAAB61 /* ContentView.swift */,
				BA13D84C2C4529FD00EAAB61 /* Assets.xcassets */,
				BA13D8512C4529FD00EAAB61 /* Persistence.swift */,
				BA13D8562C4529FD00EAAB61 /* lightSVN.entitlements */,
				BA13D8532C4529FD00EAAB61 /* lightSVN.xcdatamodeld */,
				BA13D84E2C4529FD00EAAB61 /* Preview Content */,
			);
			path = lightSVN;
			sourceTree = "<group>";
		};
		BA13D84E2C4529FD00EAAB61 /* Preview Content */ = {
			isa = PBXGroup;
			children = (
				BA13D84F2C4529FD00EAAB61 /* Preview Assets.xcassets */,
			);
			path = "Preview Content";
			sourceTree = "<group>";
		};
		BA13D85E2C4529FE00EAAB61 /* lightSVNTests */ = {
			isa = PBXGroup;
			children = (
				BA13D85F2C4529FE00EAAB61 /* lightSVNTests.swift */,
			);
			path = lightSVNTests;
			sourceTree = "<group>";
		};
		BA13D8682C4529FE00EAAB61 /* lightSVNUITests */ = {
			isa = PBXGroup;
			children = (
				BA13D8692C4529FE00EAAB61 /* lightSVNUITests.swift */,
				BA13D86B2C4529FE00EAAB61 /* lightSVNUITestsLaunchTests.swift */,
			);
			path = lightSVNUITests;
			sourceTree = "<group>";
		};
/* End PBXGroup section */

/* Begin PBXNativeTarget section */
		BA13D8442C4529FC00EAAB61 /* lightSVN */ = {
			isa = PBXNativeTarget;
			buildConfigurationList = BA13D86F2C4529FE00EAAB61 /* Build configuration list for PBXNativeTarget "lightSVN" */;
			buildPhases = (
				BA13D8412C4529FC00EAAB61 /* Sources */,
				BA13D8422C4529FC00EAAB61 /* Frameworks */,
				BA13D8432C4529FC00EAAB61 /* Resources */,
			);
			buildRules = (
			);
			dependencies = (
			);
			name = lightSVN;
			productName = lightSVN;
			productReference = BA13D8452C4529FC00EAAB61 /* lightSVN.app */;
			productType = "com.apple.product-type.application";
		};
		BA13D85A2C4529FE00EAAB61 /* lightSVNTests */ = {
			isa = PBXNativeTarget;
			buildConfigurationList = BA13D8722C4529FE00EAAB61 /* Build configuration list for PBXNativeTarget "lightSVNTests" */;
			buildPhases = (
				BA13D8572C4529FE00EAAB61 /* Sources */,
				BA13D8582C4529FE00EAAB61 /* Frameworks */,
				BA13D8592C4529FE00EAAB61 /* Resources */,
			);
			buildRules = (
			);
			dependencies = (
				BA13D85D2C4529FE00EAAB61 /* PBXTargetDependency */,
			);
			name = lightSVNTests;
			productName = lightSVNTests;
			productReference = BA13D85B2C4529FE00EAAB61 /* lightSVNTests.xctest */;
			productType = "com.apple.product-type.bundle.unit-test";
		};
		BA13D8642C4529FE00EAAB61 /* lightSVNUITests */ = {
			isa = PBXNativeTarget;
			buildConfigurationList = BA13D8752C4529FE00EAAB61 /* Build configuration list for PBXNativeTarget "lightSVNUITests" */;
			buildPhases = (
				BA13D8612C4529FE00EAAB61 /* Sources */,
				BA13D8622C4529FE00EAAB61 /* Frameworks */,
				BA13D8632C4529FE00EAAB61 /* Resources */,
			);
			buildRules = (
			);
			dependencies = (
				BA13D8672C4529FE00EAAB61 /* PBXTargetDependency */,
			);
			name = lightSVNUITests;
			productName = lightSVNUITests;
			productReference = BA13D8652C4529FE00EAAB61 /* lightSVNUITests.xctest */;
			productType = "com.apple.product-type.bundle.ui-testing";
		};
/* End PBXNativeTarget section */

/* Begin PBXProject section */
		BA13D83D2C4529FC00EAAB61 /* Project object */ = {
			isa = PBXProject;
			attributes = {
				BuildIndependentTargetsInParallel = 1;
				LastSwiftUpdateCheck = 1540;
				LastUpgradeCheck = 1540;
				TargetAttributes = {
					BA13D8442C4529FC00EAAB61 = {
						CreatedOnToolsVersion = 15.4;
					};
					BA13D85A2C4529FE00EAAB61 = {
						CreatedOnToolsVersion = 15.4;
						TestTargetID = BA13D8442C4529FC00EAAB61;
					};
					BA13D8642C4529FE00EAAB61 = {
						CreatedOnToolsVersion = 15.4;
						TestTargetID = BA13D8442C4529FC00EAAB61;
					};
				};
			};
			buildConfigurationList = BA13D8402C4529FC00EAAB61 /* Build configuration list for PBXProject "lightSVN" */;
			compatibilityVersion = "Xcode 14.0";
			developmentRegion = en;
			hasScannedForEncodings = 0;
			knownRegions = (
				en,
				Base,
			);
			mainGroup = BA13D83C2C4529FC00EAAB61;
			productRefGroup = BA13D8462C4529FC00EAAB61 /* Products */;
			projectDirPath = "";
			projectRoot = "";
			targets = (
				BA13D8442C4529FC00EAAB61 /* lightSVN */,
				BA13D85A2C4529FE00EAAB61 /* lightSVNTests */,
				BA13D8642C4529FE00EAAB61 /* lightSVNUITests */,
			);
		};
/* End PBXProject section */

/* Begin PBXResourcesBuildPhase section */
		BA13D8432C4529FC00EAAB61 /* Resources */ = {
			isa = PBXResourcesBuildPhase;
			buildActionMask = 2147483647;
			files = (
				BA13D8502C4529FD00EAAB61 /* Preview Assets.xcassets in Resources */,
				BA13D84D2C4529FD00EAAB61 /* Assets.xcassets in Resources */,
			);
			runOnlyForDeploymentPostprocessing = 0;
		};
		BA13D8592C4529FE00EAAB61 /* Resources */ = {
			isa = PBXResourcesBuildPhase;
			buildActionMask = 2147483647;
			files = (
			);
			runOnlyForDeploymentPostprocessing = 0;
		};
		BA13D8632C4529FE00EAAB61 /* Resources */ = {
			isa = PBXResourcesBuildPhase;
			buildActionMask = 2147483647;
			files = (
			);
			runOnlyForDeploymentPostprocessing = 0;
		};
/* End PBXResourcesBuildPhase section */

/* Begin PBXSourcesBuildPhase section */
		BA13D8412C4529FC00EAAB61 /* Sources */ = {
			isa = PBXSourcesBuildPhase;
			buildActionMask = 2147483647;
			files = (
				BA13D8552C4529FD00EAAB61 /* lightSVN.xcdatamodeld in Sources */,
				BA13D8522C4529FD00EAAB61 /* Persistence.swift in Sources */,
				BA13D84B2C4529FC00EAAB61 /* ContentView.swift in Sources */,
				BA13D8492C4529FC00EAAB61 /* lightSVNApp.swift in Sources */,
			);
			runOnlyForDeploymentPostprocessing = 0;
		};
		BA13D8572C4529FE00EAAB61 /* Sources */ = {
			isa = PBXSourcesBuildPhase;
			buildActionMask = 2147483647;
			files = (
				BA13D8602C4529FE00EAAB61 /* lightSVNTests.swift in Sources */,
			);
			runOnlyForDeploymentPostprocessing = 0;
		};
		BA13D8612C4529FE00EAAB61 /* Sources */ = {
			isa = PBXSourcesBuildPhase;
			buildActionMask = 2147483647;
			files = (
				BA13D86C2C4529FE00EAAB61 /* lightSVNUITestsLaunchTests.swift in Sources */,
				BA13D86A2C4529FE00EAAB61 /* lightSVNUITests.swift in Sources */,
			);
			runOnlyForDeploymentPostprocessing = 0;
		};
/* End PBXSourcesBuildPhase section */

/* Begin PBXTargetDependency section */
		BA13D85D2C4529FE00EAAB61 /* PBXTargetDependency */ = {
			isa = PBXTargetDependency;
			target = BA13D8442C4529FC00EAAB61 /* lightSVN */;
			targetProxy = BA13D85C2C4529FE00EAAB61 /* PBXContainerItemProxy */;
		};
		BA13D8672C4529FE00EAAB61 /* PBXTargetDependency */ = {
			isa = PBXTargetDependency;
			target = BA13D8442C4529FC00EAAB61 /* lightSVN */;
			targetProxy = BA13D8662C4529FE00EAAB61 /* PBXContainerItemProxy */;
		};
/* End PBXTargetDependency section */

/* Begin XCBuildConfiguration section */
		BA13D86D2C4529FE00EAAB61 /* Debug */ = {
			isa = XCBuildConfiguration;
			buildSettings = {
				ALWAYS_SEARCH_USER_PATHS = NO;
				ASSETCATALOG_COMPILER_GENERATE_SWIFT_ASSET_SYMBOL_EXTENSIONS = YES;
				CLANG_ANALYZER_NONNULL = YES;
				CLANG_ANALYZER_NUMBER_OBJECT_CONVERSION = YES_AGGRESSIVE;
				CLANG_CXX_LANGUAGE_STANDARD = "gnu++20";
				CLANG_ENABLE_MODULES = YES;
				CLANG_ENABLE_OBJC_ARC = YES;
				CLANG_ENABLE_OBJC_WEAK = YES;
				CLANG_WARN_BLOCK_CAPTURE_AUTORELEASING = YES;
				CLANG_WARN_BOOL_CONVERSION = YES;
				CLANG_WARN_COMMA = YES;
				CLANG_WARN_CONSTANT_CONVERSION = YES;
				CLANG_WARN_DEPRECATED_OBJC_IMPLEMENTATIONS = YES;
				CLANG_WARN_DIRECT_OBJC_ISA_USAGE = YES_ERROR;
				CLANG_WARN_DOCUMENTATION_COMMENTS = YES;
				CLANG_WARN_EMPTY_BODY = YES;
				CLANG_WARN_ENUM_CONVERSION = YES;
				CLANG_WARN_INFINITE_RECURSION = YES;
				CLANG_WARN_INT_CONVERSION = YES;
				CLANG_WARN_NON_LITERAL_NULL_CONVERSION = YES;
				CLANG_WARN_OBJC_IMPLICIT_RETAIN_SELF = YES;
				CLANG_WARN_OBJC_LITERAL_CONVERSION = YES;
				CLANG_WARN_OBJC_ROOT_CLASS = YES_ERROR;
				CLANG_WARN_QUOTED_INCLUDE_IN_FRAMEWORK_HEADER = YES;
				CLANG_WARN_RANGE_LOOP_ANALYSIS = YES;
				CLANG_WARN_STRICT_PROTOTYPES = YES;
				CLANG_WARN_SUSPICIOUS_MOVE = YES;
				CLANG_WARN_UNGUARDED_AVAILABILITY = YES_AGGRESSIVE;
				CLANG_WARN_UNREACHABLE_CODE = YES;
				CLANG_WARN__DUPLICATE_METHOD_MATCH = YES;
				COPY_PHASE_STRIP = NO;
				DEBUG_INFORMATION_FORMAT = dwarf;
				ENABLE_STRICT_OBJC_MSGSEND = YES;
				ENABLE_TESTABILITY = YES;
				ENABLE_USER_SCRIPT_SANDBOXING = YES;
				GCC_C_LANGUAGE_STANDARD = gnu17;
				GCC_DYNAMIC_NO_PIC = NO;
				GCC_NO_COMMON_BLOCKS = YES;
				GCC_OPTIMIZATION_LEVEL = 0;
				GCC_PREPROCESSOR_DEFINITIONS = (
					"DEBUG=1",
					"$(inherited)",
				);
				GCC_WARN_64_TO_32_BIT_CONVERSION = YES;
				GCC_WARN_ABOUT_RETURN_TYPE = YES_ERROR;
				GCC_WARN_UNDECLARED_SELECTOR = YES;
				GCC_WARN_UNINITIALIZED_AUTOS = YES_AGGRESSIVE;
				GCC_WARN_UNUSED_FUNCTION = YES;
				GCC_WARN_UNUSED_VARIABLE = YES;
				LOCALIZATION_PREFERS_STRING_CATALOGS = YES;
				MACOSX_DEPLOYMENT_TARGET = 14.5;
				MTL_ENABLE_DEBUG_INFO = INCLUDE_SOURCE;
				MTL_FAST_MATH = YES;
				ONLY_ACTIVE_ARCH = YES;
				SDKROOT = macosx;
				SWIFT_ACTIVE_COMPILATION_CONDITIONS = "DEBUG $(inherited)";
				SWIFT_OPTIMIZATION_LEVEL = "-Onone";
			};
			name = Debug;
		};
		BA13D86E2C4529FE00EAAB61 /* Release */ = {
			isa = XCBuildConfiguration;
			buildSettings = {
				ALWAYS_SEARCH_USER_PATHS = NO;
				ASSETCATALOG_COMPILER_GENERATE_SWIFT_ASSET_SYMBOL_EXTENSIONS = YES;
				CLANG_ANALYZER_NONNULL = YES;
				CLANG_ANALYZER_NUMBER_OBJECT_CONVERSION = YES_AGGRESSIVE;
				CLANG_CXX_LANGUAGE_STANDARD = "gnu++20";
				CLANG_ENABLE_MODULES = YES;
				CLANG_ENABLE_OBJC_ARC = YES;
				CLANG_ENABLE_OBJC_WEAK = YES;
				CLANG_WARN_BLOCK_CAPTURE_AUTORELEASING = YES;
				CLANG_WARN_BOOL_CONVERSION = YES;
				CLANG_WARN_COMMA = YES;
				CLANG_WARN_CONSTANT_CONVERSION = YES;
				CLANG_WARN_DEPRECATED_OBJC_IMPLEMENTATIONS = YES;
				CLANG_WARN_DIRECT_OBJC_ISA_USAGE = YES_ERROR;
				CLANG_WARN_DOCUMENTATION_COMMENTS = YES;
				CLANG_WARN_EMPTY_BODY = YES;
				CLANG_WARN_ENUM_CONVERSION = YES;
				CLANG_WARN_INFINITE_RECURSION = YES;
				CLANG_WARN_INT_CONVERSION = YES;
				CLANG_WARN_NON_LITERAL_NULL_CONVERSION = YES;
				CLANG_WARN_OBJC_IMPLICIT_RETAIN_SELF = YES;
				CLANG_WARN_OBJC_LITERAL_CONVERSION = YES;
				CLANG_WARN_OBJC_ROOT_CLASS = YES_ERROR;
				CLANG_WARN_QUOTED_INCLUDE_IN_FRAMEWORK_HEADER = YES;
				CLANG_WARN_RANGE_LOOP_ANALYSIS = YES;
				CLANG_WARN_STRICT_PROTOTYPES = YES;
				CLANG_WARN_SUSPICIOUS_MOVE = YES;
				CLANG_WARN_UNGUARDED_AVAILABILITY = YES_AGGRESSIVE;
				CLANG_WARN_UNREACHABLE_CODE = YES;
				CLANG_WARN__DUPLICATE_METHOD_MATCH = YES;
				COPY_PHASE_STRIP = NO;
				DEBUG_INFORMATION_FORMAT = "dwarf-with-dsym";
				ENABLE_NS_ASSERTIONS = NO;
				ENABLE_STRICT_OBJC_MSGSEND = YES;
				ENABLE_USER_SCRIPT_SANDBOXING = YES;
				GCC_C_LANGUAGE_STANDARD = gnu17;
				GCC_NO_COMMON_BLOCKS = YES;
				GCC_WARN_64_TO_32_BIT_CONVERSION = YES;
				GCC_WARN_ABOUT_RETURN_TYPE = YES_ERROR;
				GCC_WARN_UNDECLARED_SELECTOR = YES;
				GCC_WARN_UNINITIALIZED_AUTOS = YES_AGGRESSIVE;
				GCC_WARN_UNUSED_FUNCTION = YES;
				GCC_WARN_UNUSED_VARIABLE = YES;
				LOCALIZATION_PREFERS_STRING_CATALOGS = YES;
				MACOSX_DEPLOYMENT_TARGET = 14.5;
				MTL_ENABLE_DEBUG_INFO = NO;
				MTL_FAST_MATH = YES;
				SDKROOT = macosx;
				SWIFT_COMPILATION_MODE = wholemodule;
			};
			name = Release;
		};
		BA13D8702C4529FE00EAAB61 /* Debug */ = {
			isa = XCBuildConfiguration;
			buildSettings = {
				ASSETCATALOG_COMPILER_APPICON_NAME = AppIcon;
				ASSETCATALOG_COMPILER_GLOBAL_ACCENT_COLOR_NAME = AccentColor;
				CODE_SIGN_ENTITLEMENTS = lightSVN/lightSVN.entitlements;
				CODE_SIGN_STYLE = Automatic;
				COMBINE_HIDPI_IMAGES = YES;
				CURRENT_PROJECT_VERSION = 1;
				DEVELOPMENT_ASSET_PATHS = "\"lightSVN/Preview Content\"";
				DEVELOPMENT_TEAM = 2LRA8W67HD;
				ENABLE_HARDENED_RUNTIME = YES;
				ENABLE_PREVIEWS = YES;
				GENERATE_INFOPLIST_FILE = YES;
				INFOPLIST_KEY_NSHumanReadableCopyright = "";
				LD_RUNPATH_SEARCH_PATHS = (
					"$(inherited)",
					"@executable_path/../Frameworks",
				);
				MARKETING_VERSION = 1.0;
				PRODUCT_BUNDLE_IDENTIFIER = io.lazyufry.lightSVN;
				PRODUCT_NAME = "$(TARGET_NAME)";
				SWIFT_EMIT_LOC_STRINGS = YES;
				SWIFT_VERSION = 5.0;
			};
			name = Debug;
		};
		BA13D8712C4529FE00EAAB61 /* Release */ = {
			isa = XCBuildConfiguration;
			buildSettings = {
				ASSETCATALOG_COMPILER_APPICON_NAME = AppIcon;
				ASSETCATALOG_COMPILER_GLOBAL_ACCENT_COLOR_NAME = AccentColor;
				CODE_SIGN_ENTITLEMENTS = lightSVN/lightSVN.entitlements;
				CODE_SIGN_STYLE = Automatic;
				COMBINE_HIDPI_IMAGES = YES;
				CURRENT_PROJECT_VERSION = 1;
				DEVELOPMENT_ASSET_PATHS = "\"lightSVN/Preview Content\"";
				DEVELOPMENT_TEAM = 2LRA8W67HD;
				ENABLE_HARDENED_RUNTIME = YES;
				ENABLE_PREVIEWS = YES;
				GENERATE_INFOPLIST_FILE = YES;
				INFOPLIST_KEY_NSHumanReadableCopyright = "";
				LD_RUNPATH_SEARCH_PATHS = (
					"$(inherited)",
					"@executable_path/../Frameworks",
				);
				MARKETING_VERSION = 1.0;
				PRODUCT_BUNDLE_IDENTIFIER = io.lazyufry.lightSVN;
				PRODUCT_NAME = "$(TARGET_NAME)";
				SWIFT_EMIT_LOC_STRINGS = YES;
				SWIFT_VERSION = 5.0;
			};
			name = Release;
		};
		BA13D8732C4529FE00EAAB61 /* Debug */ = {
			isa = XCBuildConfiguration;
			buildSettings = {
				ALWAYS_EMBED_SWIFT_STANDARD_LIBRARIES = YES;
				BUNDLE_LOADER = "$(TEST_HOST)";
				CODE_SIGN_STYLE = Automatic;
				CURRENT_PROJECT_VERSION = 1;
				DEVELOPMENT_TEAM = 2LRA8W67HD;
				GENERATE_INFOPLIST_FILE = YES;
				MACOSX_DEPLOYMENT_TARGET = 14.5;
				MARKETING_VERSION = 1.0;
				PRODUCT_BUNDLE_IDENTIFIER = io.lazyufry.lightSVNTests;
				PRODUCT_NAME = "$(TARGET_NAME)";
				SWIFT_EMIT_LOC_STRINGS = NO;
				SWIFT_VERSION = 5.0;
				TEST_HOST = "$(BUILT_PRODUCTS_DIR)/lightSVN.app/$(BUNDLE_EXECUTABLE_FOLDER_PATH)/lightSVN";
			};
			name = Debug;
		};
		BA13D8742C4529FE00EAAB61 /* Release */ = {
			isa = XCBuildConfiguration;
			buildSettings = {
				ALWAYS_EMBED_SWIFT_STANDARD_LIBRARIES = YES;
				BUNDLE_LOADER = "$(TEST_HOST)";
				CODE_SIGN_STYLE = Automatic;
				CURRENT_PROJECT_VERSION = 1;
				DEVELOPMENT_TEAM = 2LRA8W67HD;
				GENERATE_INFOPLIST_FILE = YES;
				MACOSX_DEPLOYMENT_TARGET = 14.5;
				MARKETING_VERSION = 1.0;
				PRODUCT_BUNDLE_IDENTIFIER = io.lazyufry.lightSVNTests;
				PRODUCT_NAME = "$(TARGET_NAME)";
				SWIFT_EMIT_LOC_STRINGS = NO;
				SWIFT_VERSION = 5.0;
				TEST_HOST = "$(BUILT_PRODUCTS_DIR)/lightSVN.app/$(BUNDLE_EXECUTABLE_FOLDER_PATH)/lightSVN";
			};
			name = Release;
		};
		BA13D8762C4529FE00EAAB61 /* Debug */ = {
			isa = XCBuildConfiguration;
			buildSettings = {
				ALWAYS_EMBED_SWIFT_STANDARD_LIBRARIES = YES;
				CODE_SIGN_STYLE = Automatic;
				CURRENT_PROJECT_VERSION = 1;
				DEVELOPMENT_TEAM = 2LRA8W67HD;
				GENERATE_INFOPLIST_FILE = YES;
				MARKETING_VERSION = 1.0;
				PRODUCT_BUNDLE_IDENTIFIER = io.lazyufry.lightSVNUITests;
				PRODUCT_NAME = "$(TARGET_NAME)";
				SWIFT_EMIT_LOC_STRINGS = NO;
				SWIFT_VERSION = 5.0;
				TEST_TARGET_NAME = lightSVN;
			};
			name = Debug;
		};
		BA13D8772C4529FE00EAAB61 /* Release */ = {
			isa = XCBuildConfiguration;
			buildSettings = {
				ALWAYS_EMBED_SWIFT_STANDARD_LIBRARIES = YES;
				CODE_SIGN_STYLE = Automatic;
				CURRENT_PROJECT_VERSION = 1;
				DEVELOPMENT_TEAM = 2LRA8W67HD;
				GENERATE_INFOPLIST_FILE = YES;
				MARKETING_VERSION = 1.0;
				PRODUCT_BUNDLE_IDENTIFIER = io.lazyufry.lightSVNUITests;
				PRODUCT_NAME = "$(TARGET_NAME)";
				SWIFT_EMIT_LOC_STRINGS = NO;
				SWIFT_VERSION = 5.0;
				TEST_TARGET_NAME = lightSVN;
			};
			name = Release;
		};
/* End XCBuildConfiguration section */

/* Begin XCConfigurationList section */
		BA13D8402C4529FC00EAAB61 /* Build configuration list for PBXProject "lightSVN" */ = {
			isa = XCConfigurationList;
			buildConfigurations = (
				BA13D86D2C4529FE00EAAB61 /* Debug */,
				BA13D86E2C4529FE00EAAB61 /* Release */,
			);
			defaultConfigurationIsVisible = 0;
			defaultConfigurationName = Release;
		};
		BA13D86F2C4529FE00EAAB61 /* Build configuration list for PBXNativeTarget "lightSVN" */ = {
			isa = XCConfigurationList;
			buildConfigurations = (
				BA13D8702C4529FE00EAAB61 /* Debug */,
				BA13D8712C4529FE00EAAB61 /* Release */,
			);
			defaultConfigurationIsVisible = 0;
			defaultConfigurationName = Release;
		};
		BA13D8722C4529FE00EAAB61 /* Build configuration list for PBXNativeTarget "lightSVNTests" */ = {
			isa = XCConfigurationList;
			buildConfigurations = (
				BA13D8732C4529FE00EAAB61 /* Debug */,
				BA13D8742C4529FE00EAAB61 /* Release */,
			);
			defaultConfigurationIsVisible = 0;
			defaultConfigurationName = Release;
		};
		BA13D8752C4529FE00EAAB61 /* Build configuration list for PBXNativeTarget "lightSVNUITests" */ = {
			isa = XCConfigurationList;
			buildConfigurations = (
				BA13D8762C4529FE00EAAB61 /* Debug */,
				BA13D8772C4529FE00EAAB61 /* Release */,
			);
			defaultConfigurationIsVisible = 0;
			defaultConfigurationName = Release;
		};
/* End XCConfigurationList section */

/* Begin XCVersionGroup section */
		BA13D8532C4529FD00EAAB61 /* lightSVN.xcdatamodeld */ = {
			isa = XCVersionGroup;
			children = (
				BA13D8542C4529FD00EAAB61 /* lightSVN.xcdatamodel */,
			);
			currentVersion = BA13D8542C4529FD00EAAB61 /* lightSVN.xcdatamodel */;
			path = lightSVN.xcdatamodeld;
			sourceTree = "<group>";
			versionGroupType = wrapper.xcdatamodel;
		};
/* End XCVersionGroup section */
	};
	rootObject = BA13D83D2C4529FC00EAAB61 /* Project object */;
}
